
Microsoft Visual Studio Solution File, Format Version 12.00
# Visual Studio Version 17
VisualStudioVersion = 17.10.34928.147
MinimumVisualStudioVersion = 10.0.40219.1
Project("{FAE04EC0-301F-11D3-BF4B-00C04F79EFBC}") = "CifrulLuiCezar", "CifrulLuiCezar\CifrulLuiCezar.csproj", "{F91499B0-2545-4825-A60F-B0701A3D9609}"
EndProject
Global
	GlobalSection(SolutionConfigurationPlatforms) = preSolution
		Debug|Any CPU = Debug|Any CPU
		Release|Any CPU = Release|Any CPU
	EndGlobalSection
	GlobalSection(ProjectConfigurationPlatforms) = postSolution
		{F91499B0-2545-4825-A60F-B0701A3D9609}.Debug|Any CPU.ActiveCfg = Debug|Any CPU
		{F91499B0-2545-4825-A60F-B0701A3D9609}.Debug|Any CPU.Build.0 = Debug|Any CPU
		{F91499B0-2545-4825-A60F-B0701A3D9609}.Release|Any CPU.ActiveCfg = Release|Any CPU
		{F91499B0-2545-4825-A60F-B0701A3D9609}.Release|Any CPU.Build.0 = Release|Any CPU
	EndGlobalSection
	GlobalSection(SolutionProperties) = preSolution
		HideSolutionNode = FALSE
	EndGlobalSection
	GlobalSection(ExtensibilityGlobals) = postSolution
		SolutionGuid = {4ADB87A8-A2C7-4925-BB66-64B8A2172E34}
	EndGlobalSection
EndGlobal
